
Microsoft Visual Studio Solution File, Format Version 12.00
# Visual Studio 14
VisualStudioVersion = 14.0.25420.1
MinimumVisualStudioVersion = 10.0.40219.1
Project("{FAE04EC0-301F-11D3-BF4B-00C04F79EFBC}") = "EntityServices", "EntityServices\EntityServices.csproj", "{454072A4-D3E2-411B-9C64-C0E7938F3BC0}"
EndProject
Project("{FAE04EC0-301F-11D3-BF4B-00C04F79EFBC}") = "EDM", "EDM\EDM.csproj", "{AF5DDD97-9572-4713-9688-59EE79F11F25}"
EndProject
Project("{FAE04EC0-301F-11D3-BF4B-00C04F79EFBC}") = "WebApp", "WebApp\WebApp.csproj", "{7F2584E4-71A1-4CD6-A630-D319375F592A}"
	ProjectSection(ProjectDependencies) = postProject
		{454072A4-D3E2-411B-9C64-C0E7938F3BC0} = {454072A4-D3E2-411B-9C64-C0E7938F3BC0}
	EndProjectSection
EndProject
Project("{FAE04EC0-301F-11D3-BF4B-00C04F79EFBC}") = "DesktopApp", "DesktopApp\DesktopApp.csproj", "{283BF062-C2E2-4A07-8053-E12A7F69EFCF}"
	ProjectSection(ProjectDependencies) = postProject
		{454072A4-D3E2-411B-9C64-C0E7938F3BC0} = {454072A4-D3E2-411B-9C64-C0E7938F3BC0}
	EndProjectSection
EndProject
Global
	GlobalSection(SolutionConfigurationPlatforms) = preSolution
		Debug|Any CPU = Debug|Any CPU
		Release|Any CPU = Release|Any CPU
	EndGlobalSection
	GlobalSection(ProjectConfigurationPlatforms) = postSolution
		{454072A4-D3E2-411B-9C64-C0E7938F3BC0}.Debug|Any CPU.ActiveCfg = Debug|Any CPU
		{454072A4-D3E2-411B-9C64-C0E7938F3BC0}.Debug|Any CPU.Build.0 = Debug|Any CPU
		{454072A4-D3E2-411B-9C64-C0E7938F3BC0}.Release|Any CPU.ActiveCfg = Release|Any CPU
		{454072A4-D3E2-411B-9C64-C0E7938F3BC0}.Release|Any CPU.Build.0 = Release|Any CPU
		{AF5DDD97-9572-4713-9688-59EE79F11F25}.Debug|Any CPU.ActiveCfg = Debug|Any CPU
		{AF5DDD97-9572-4713-9688-59EE79F11F25}.Debug|Any CPU.Build.0 = Debug|Any CPU
		{AF5DDD97-9572-4713-9688-59EE79F11F25}.Release|Any CPU.ActiveCfg = Release|Any CPU
		{AF5DDD97-9572-4713-9688-59EE79F11F25}.Release|Any CPU.Build.0 = Release|Any CPU
		{7F2584E4-71A1-4CD6-A630-D319375F592A}.Debug|Any CPU.ActiveCfg = Debug|Any CPU
		{7F2584E4-71A1-4CD6-A630-D319375F592A}.Debug|Any CPU.Build.0 = Debug|Any CPU
		{7F2584E4-71A1-4CD6-A630-D319375F592A}.Release|Any CPU.ActiveCfg = Release|Any CPU
		{7F2584E4-71A1-4CD6-A630-D319375F592A}.Release|Any CPU.Build.0 = Release|Any CPU
		{283BF062-C2E2-4A07-8053-E12A7F69EFCF}.Debug|Any CPU.ActiveCfg = Debug|Any CPU
		{283BF062-C2E2-4A07-8053-E12A7F69EFCF}.Debug|Any CPU.Build.0 = Debug|Any CPU
		{283BF062-C2E2-4A07-8053-E12A7F69EFCF}.Release|Any CPU.ActiveCfg = Release|Any CPU
		{283BF062-C2E2-4A07-8053-E12A7F69EFCF}.Release|Any CPU.Build.0 = Release|Any CPU
	EndGlobalSection
	GlobalSection(SolutionProperties) = preSolution
		HideSolutionNode = FALSE
	EndGlobalSection
EndGlobal
